// !$*UTF8*$!
{
	archiveVersion = 1;
	classes = {
	};
	objectVersion = 46;
	objects = {

/* Begin PBXBuildFile section */
		5D8B3B001D182EC5000314D4 /* AppDelegate.swift in Sources */ = {isa = PBXBuildFile; fileRef = 5D8B3AFF1D182EC5000314D4 /* AppDelegate.swift */; };
		5D8B3B051D182EC5000314D4 /* Main.storyboard in Resources */ = {isa = PBXBuildFile; fileRef = 5D8B3B031D182EC5000314D4 /* Main.storyboard */; };
		5D8B3B0A1D182EC5000314D4 /* LaunchScreen.storyboard in Resources */ = {isa = PBXBuildFile; fileRef = 5D8B3B081D182EC5000314D4 /* LaunchScreen.storyboard */; };
		5D8B3B151D182EC5000314D4 /* GuessPriceTests.swift in Sources */ = {isa = PBXBuildFile; fileRef = 5D8B3B141D182EC5000314D4 /* GuessPriceTests.swift */; };
		5D8B3B211D183E3E000314D4 /* SwiftyJSON.swift in Sources */ = {isa = PBXBuildFile; fileRef = 5D8B3B201D183E3E000314D4 /* SwiftyJSON.swift */; };
		5D8B3B241D183E84000314D4 /* StartGameViewController.swift in Sources */ = {isa = PBXBuildFile; fileRef = 5D8B3B231D183E84000314D4 /* StartGameViewController.swift */; };
		5D8B3B481D185030000314D4 /* GameContainerViewController.swift in Sources */ = {isa = PBXBuildFile; fileRef = 5D8B3B471D185030000314D4 /* GameContainerViewController.swift */; };
		5D8B3B4A1D1851BD000314D4 /* GameViewController.swift in Sources */ = {isa = PBXBuildFile; fileRef = 5D8B3B491D1851BD000314D4 /* GameViewController.swift */; };
		5D8B3B4F1D18D895000314D4 /* WebService.swift in Sources */ = {isa = PBXBuildFile; fileRef = 5D8B3B4E1D18D895000314D4 /* WebService.swift */; };
		5D8B3B531D18E4E3000314D4 /* Utils.swift in Sources */ = {isa = PBXBuildFile; fileRef = 5D8B3B521D18E4E3000314D4 /* Utils.swift */; };
		5D8B3B561D1985ED000314D4 /* ProductDetailViewController.swift in Sources */ = {isa = PBXBuildFile; fileRef = 5D8B3B551D1985ED000314D4 /* ProductDetailViewController.swift */; };
		5D8B3B581D19A1A1000314D4 /* Assets.xcassets in Resources */ = {isa = PBXBuildFile; fileRef = 5D8B3B571D19A1A1000314D4 /* Assets.xcassets */; };
		5DB666531D19B061005B90B7 /* GameReviewViewController.swift in Sources */ = {isa = PBXBuildFile; fileRef = 5DB666521D19B061005B90B7 /* GameReviewViewController.swift */; };
		5DB666551D19B0BA005B90B7 /* ProductInfo.swift in Sources */ = {isa = PBXBuildFile; fileRef = 5DB666541D19B0BA005B90B7 /* ProductInfo.swift */; };
/* End PBXBuildFile section */

/* Begin PBXContainerItemProxy section */
		5D8B3B111D182EC5000314D4 /* PBXContainerItemProxy */ = {
			isa = PBXContainerItemProxy;
			containerPortal = 5D8B3AF41D182EC5000314D4 /* Project object */;
			proxyType = 1;
			remoteGlobalIDString = 5D8B3AFB1D182EC5000314D4;
			remoteInfo = GuessPrice;
		};
/* End PBXContainerItemProxy section */

/* Begin PBXFileReference section */
		5D8B3AFC1D182EC5000314D4 /* GuessPrice.app */ = {isa = PBXFileReference; explicitFileType = wrapper.application; includeInIndex = 0; path = GuessPrice.app; sourceTree = BUILT_PRODUCTS_DIR; };
		5D8B3AFF1D182EC5000314D4 /* AppDelegate.swift */ = {isa = PBXFileReference; lastKnownFileType = sourcecode.swift; path = AppDelegate.swift; sourceTree = "<group>"; };
		5D8B3B041D182EC5000314D4 /* Base */ = {isa = PBXFileReference; lastKnownFileType = file.storyboard; name = Base; path = Base.lproj/Main.storyboard; sourceTree = "<group>"; };
		5D8B3B091D182EC5000314D4 /* Base */ = {isa = PBXFileReference; lastKnownFileType = file.storyboard; name = Base; path = Base.lproj/LaunchScreen.storyboard; sourceTree = "<group>"; };
		5D8B3B0B1D182EC5000314D4 /* Info.plist */ = {isa = PBXFileReference; lastKnownFileType = text.plist.xml; path = Info.plist; sourceTree = "<group>"; };
		5D8B3B101D182EC5000314D4 /* GuessPriceTests.xctest */ = {isa = PBXFileReference; explicitFileType = wrapper.cfbundle; includeInIndex = 0; path = GuessPriceTests.xctest; sourceTree = BUILT_PRODUCTS_DIR; };
		5D8B3B141D182EC5000314D4 /* GuessPriceTests.swift */ = {isa = PBXFileReference; lastKnownFileType = sourcecode.swift; path = GuessPriceTests.swift; sourceTree = "<group>"; };
		5D8B3B161D182EC5000314D4 /* Info.plist */ = {isa = PBXFileReference; lastKnownFileType = text.plist.xml; path = Info.plist; sourceTree = "<group>"; };
		5D8B3B201D183E3E000314D4 /* SwiftyJSON.swift */ = {isa = PBXFileReference; fileEncoding = 4; lastKnownFileType = sourcecode.swift; path = SwiftyJSON.swift; sourceTree = "<group>"; };
		5D8B3B231D183E84000314D4 /* StartGameViewController.swift */ = {isa = PBXFileReference; fileEncoding = 4; lastKnownFileType = sourcecode.swift; path = StartGameViewController.swift; sourceTree = "<group>"; };
		5D8B3B471D185030000314D4 /* GameContainerViewController.swift */ = {isa = PBXFileReference; fileEncoding = 4; lastKnownFileType = sourcecode.swift; path = GameContainerViewController.swift; sourceTree = "<group>"; };
		5D8B3B491D1851BD000314D4 /* GameViewController.swift */ = {isa = PBXFileReference; fileEncoding = 4; lastKnownFileType = sourcecode.swift; path = GameViewController.swift; sourceTree = "<group>"; };
		5D8B3B4E1D18D895000314D4 /* WebService.swift */ = {isa = PBXFileReference; fileEncoding = 4; lastKnownFileType = sourcecode.swift; path = WebService.swift; sourceTree = "<group>"; };
		5D8B3B521D18E4E3000314D4 /* Utils.swift */ = {isa = PBXFileReference; fileEncoding = 4; lastKnownFileType = sourcecode.swift; path = Utils.swift; sourceTree = "<group>"; };
		5D8B3B551D1985ED000314D4 /* ProductDetailViewController.swift */ = {isa = PBXFileReference; fileEncoding = 4; lastKnownFileType = sourcecode.swift; path = ProductDetailViewController.swift; sourceTree = "<group>"; };
		5D8B3B571D19A1A1000314D4 /* Assets.xcassets */ = {isa = PBXFileReference; lastKnownFileType = folder.assetcatalog; path = Assets.xcassets; sourceTree = "<group>"; };
		5DB666521D19B061005B90B7 /* GameReviewViewController.swift */ = {isa = PBXFileReference; fileEncoding = 4; lastKnownFileType = sourcecode.swift; path = GameReviewViewController.swift; sourceTree = "<group>"; };
		5DB666541D19B0BA005B90B7 /* ProductInfo.swift */ = {isa = PBXFileReference; fileEncoding = 4; lastKnownFileType = sourcecode.swift; path = ProductInfo.swift; sourceTree = "<group>"; };
/* End PBXFileReference section */

/* Begin PBXFrameworksBuildPhase section */
		5D8B3AF91D182EC5000314D4 /* Frameworks */ = {
			isa = PBXFrameworksBuildPhase;
			buildActionMask = 2147483647;
			files = (
			);
			runOnlyForDeploymentPostprocessing = 0;
		};
		5D8B3B0D1D182EC5000314D4 /* Frameworks */ = {
			isa = PBXFrameworksBuildPhase;
			buildActionMask = 2147483647;
			files = (
			);
			runOnlyForDeploymentPostprocessing = 0;
		};
/* End PBXFrameworksBuildPhase section */

/* Begin PBXGroup section */
		5D8B3AF31D182EC5000314D4 = {
			isa = PBXGroup;
			children = (
				5D8B3AFE1D182EC5000314D4 /* GuessPrice */,
				5D8B3AFD1D182EC5000314D4 /* Products */,
			);
			sourceTree = "<group>";
		};
		5D8B3AFD1D182EC5000314D4 /* Products */ = {
			isa = PBXGroup;
			children = (
				5D8B3AFC1D182EC5000314D4 /* GuessPrice.app */,
				5D8B3B101D182EC5000314D4 /* GuessPriceTests.xctest */,
			);
			name = Products;
			sourceTree = "<group>";
		};
		5D8B3AFE1D182EC5000314D4 /* GuessPrice */ = {
			isa = PBXGroup;
			children = (
				5D8B3AFF1D182EC5000314D4 /* AppDelegate.swift */,
				5DB666541D19B0BA005B90B7 /* ProductInfo.swift */,
				5D8B3B031D182EC5000314D4 /* Main.storyboard */,
				5D8B3B541D18FEFB000314D4 /* Views */,
				5D8B3B221D183E5C000314D4 /* ViewController */,
				5D8B3B1F1D183E07000314D4 /* Utilities */,
				5D8B3B571D19A1A1000314D4 /* Assets.xcassets */,
				5D8B3B081D182EC5000314D4 /* LaunchScreen.storyboard */,
				5D8B3B0B1D182EC5000314D4 /* Info.plist */,
				5D8B3B131D182EC5000314D4 /* GuessPriceTests */,
			);
			path = GuessPrice;
			sourceTree = "<group>";
		};
		5D8B3B131D182EC5000314D4 /* GuessPriceTests */ = {
			isa = PBXGroup;
			children = (
				5D8B3B141D182EC5000314D4 /* GuessPriceTests.swift */,
				5D8B3B161D182EC5000314D4 /* Info.plist */,
			);
			path = GuessPriceTests;
			sourceTree = SOURCE_ROOT;
		};
		5D8B3B1F1D183E07000314D4 /* Utilities */ = {
			isa = PBXGroup;
			children = (
				5D8B3B201D183E3E000314D4 /* SwiftyJSON.swift */,
				5D8B3B4E1D18D895000314D4 /* WebService.swift */,
				5D8B3B521D18E4E3000314D4 /* Utils.swift */,
			);
			name = Utilities;
			sourceTree = "<group>";
		};
		5D8B3B221D183E5C000314D4 /* ViewController */ = {
			isa = PBXGroup;
			children = (
				5D8B3B231D183E84000314D4 /* StartGameViewController.swift */,
				5D8B3B471D185030000314D4 /* GameContainerViewController.swift */,
				5D8B3B491D1851BD000314D4 /* GameViewController.swift */,
				5DB666521D19B061005B90B7 /* GameReviewViewController.swift */,
				5D8B3B551D1985ED000314D4 /* ProductDetailViewController.swift */,
			);
			name = ViewController;
			sourceTree = "<group>";
		};
		5D8B3B541D18FEFB000314D4 /* Views */ = {
			isa = PBXGroup;
			children = (
			);
			name = Views;
			sourceTree = "<group>";
		};
/* End PBXGroup section */

/* Begin PBXNativeTarget section */
		5D8B3AFB1D182EC5000314D4 /* GuessPrice */ = {
			isa = PBXNativeTarget;
			buildConfigurationList = 5D8B3B191D182EC5000314D4 /* Build configuration list for PBXNativeTarget "GuessPrice" */;
			buildPhases = (
				5D8B3AF81D182EC5000314D4 /* Sources */,
				5D8B3AF91D182EC5000314D4 /* Frameworks */,
				5D8B3AFA1D182EC5000314D4 /* Resources */,
			);
			buildRules = (
			);
			dependencies = (
			);
			name = GuessPrice;
			productName = GuessPrice;
			productReference = 5D8B3AFC1D182EC5000314D4 /* GuessPrice.app */;
			productType = "com.apple.product-type.application";
		};
		5D8B3B0F1D182EC5000314D4 /* GuessPriceTests */ = {
			isa = PBXNativeTarget;
			buildConfigurationList = 5D8B3B1C1D182EC5000314D4 /* Build configuration list for PBXNativeTarget "GuessPriceTests" */;
			buildPhases = (
				5D8B3B0C1D182EC5000314D4 /* Sources */,
				5D8B3B0D1D182EC5000314D4 /* Frameworks */,
				5D8B3B0E1D182EC5000314D4 /* Resources */,
			);
			buildRules = (
			);
			dependencies = (
				5D8B3B121D182EC5000314D4 /* PBXTargetDependency */,
			);
			name = GuessPriceTests;
			productName = GuessPriceTests;
			productReference = 5D8B3B101D182EC5000314D4 /* GuessPriceTests.xctest */;
			productType = "com.apple.product-type.bundle.unit-test";
		};
/* End PBXNativeTarget section */

/* Begin PBXProject section */
		5D8B3AF41D182EC5000314D4 /* Project object */ = {
			isa = PBXProject;
			attributes = {
				LastSwiftUpdateCheck = 0730;
				LastUpgradeCheck = 0730;
				ORGANIZATIONNAME = yusheng;
				TargetAttributes = {
					5D8B3AFB1D182EC5000314D4 = {
						CreatedOnToolsVersion = 7.3.1;
					};
					5D8B3B0F1D182EC5000314D4 = {
						CreatedOnToolsVersion = 7.3.1;
						TestTargetID = 5D8B3AFB1D182EC5000314D4;
					};
				};
			};
			buildConfigurationList = 5D8B3AF71D182EC5000314D4 /* Build configuration list for PBXProject "GuessPrice" */;
			compatibilityVersion = "Xcode 3.2";
			developmentRegion = English;
			hasScannedForEncodings = 0;
			knownRegions = (
				en,
				Base,
			);
			mainGroup = 5D8B3AF31D182EC5000314D4;
			productRefGroup = 5D8B3AFD1D182EC5000314D4 /* Products */;
			projectDirPath = "";
			projectRoot = "";
			targets = (
				5D8B3AFB1D182EC5000314D4 /* GuessPrice */,
				5D8B3B0F1D182EC5000314D4 /* GuessPriceTests */,
			);
		};
/* End PBXProject section */

/* Begin PBXResourcesBuildPhase section */
		5D8B3AFA1D182EC5000314D4 /* Resources */ = {
			isa = PBXResourcesBuildPhase;
			buildActionMask = 2147483647;
			files = (
				5D8B3B0A1D182EC5000314D4 /* LaunchScreen.storyboard in Resources */,
				5D8B3B581D19A1A1000314D4 /* Assets.xcassets in Resources */,
				5D8B3B051D182EC5000314D4 /* Main.storyboard in Resources */,
			);
			runOnlyForDeploymentPostprocessing = 0;
		};
		5D8B3B0E1D182EC5000314D4 /* Resources */ = {
			isa = PBXResourcesBuildPhase;
			buildActionMask = 2147483647;
			files = (
			);
			runOnlyForDeploymentPostprocessing = 0;
		};
/* End PBXResourcesBuildPhase section */

/* Begin PBXSourcesBuildPhase section */
		5D8B3AF81D182EC5000314D4 /* Sources */ = {
			isa = PBXSourcesBuildPhase;
			buildActionMask = 2147483647;
			files = (
				5D8B3B4F1D18D895000314D4 /* WebService.swift in Sources */,
				5D8B3B211D183E3E000314D4 /* SwiftyJSON.swift in Sources */,
				5DB666531D19B061005B90B7 /* GameReviewViewController.swift in Sources */,
				5DB666551D19B0BA005B90B7 /* ProductInfo.swift in Sources */,
				5D8B3B481D185030000314D4 /* GameContainerViewController.swift in Sources */,
				5D8B3B531D18E4E3000314D4 /* Utils.swift in Sources */,
				5D8B3B001D182EC5000314D4 /* AppDelegate.swift in Sources */,
				5D8B3B561D1985ED000314D4 /* ProductDetailViewController.swift in Sources */,
				5D8B3B4A1D1851BD000314D4 /* GameViewController.swift in Sources */,
				5D8B3B241D183E84000314D4 /* StartGameViewController.swift in Sources */,
			);
			runOnlyForDeploymentPostprocessing = 0;
		};
		5D8B3B0C1D182EC5000314D4 /* Sources */ = {
			isa = PBXSourcesBuildPhase;
			buildActionMask = 2147483647;
			files = (
				5D8B3B151D182EC5000314D4 /* GuessPriceTests.swift in Sources */,
			);
			runOnlyForDeploymentPostprocessing = 0;
		};
/* End PBXSourcesBuildPhase section */

/* Begin PBXTargetDependency section */
		5D8B3B121D182EC5000314D4 /* PBXTargetDependency */ = {
			isa = PBXTargetDependency;
			target = 5D8B3AFB1D182EC5000314D4 /* GuessPrice */;
			targetProxy = 5D8B3B111D182EC5000314D4 /* PBXContainerItemProxy */;
		};
/* End PBXTargetDependency section */

/* Begin PBXVariantGroup section */
		5D8B3B031D182EC5000314D4 /* Main.storyboard */ = {
			isa = PBXVariantGroup;
			children = (
				5D8B3B041D182EC5000314D4 /* Base */,
			);
			name = Main.storyboard;
			sourceTree = "<group>";
		};
		5D8B3B081D182EC5000314D4 /* LaunchScreen.storyboard */ = {
			isa = PBXVariantGroup;
			children = (
				5D8B3B091D182EC5000314D4 /* Base */,
			);
			name = LaunchScreen.storyboard;
			sourceTree = "<group>";
		};
/* End PBXVariantGroup section */

/* Begin XCBuildConfiguration section */
		5D8B3B171D182EC5000314D4 /* Debug */ = {
			isa = XCBuildConfiguration;
			buildSettings = {
				ALWAYS_SEARCH_USER_PATHS = NO;
				CLANG_ANALYZER_NONNULL = YES;
				CLANG_CXX_LANGUAGE_STANDARD = "gnu++0x";
				CLANG_CXX_LIBRARY = "libc++";
				CLANG_ENABLE_MODULES = YES;
				CLANG_ENABLE_OBJC_ARC = YES;
				CLANG_WARN_BOOL_CONVERSION = YES;
				CLANG_WARN_CONSTANT_CONVERSION = YES;
				CLANG_WARN_DIRECT_OBJC_ISA_USAGE = YES_ERROR;
				CLANG_WARN_EMPTY_BODY = YES;
				CLANG_WARN_ENUM_CONVERSION = YES;
				CLANG_WARN_INT_CONVERSION = YES;
				CLANG_WARN_OBJC_ROOT_CLASS = YES_ERROR;
				CLANG_WARN_UNREACHABLE_CODE = YES;
				CLANG_WARN__DUPLICATE_METHOD_MATCH = YES;
				"CODE_SIGN_IDENTITY[sdk=iphoneos*]" = "iPhone Developer";
				COPY_PHASE_STRIP = NO;
				DEBUG_INFORMATION_FORMAT = dwarf;
				ENABLE_STRICT_OBJC_MSGSEND = YES;
				ENABLE_TESTABILITY = YES;
				GCC_C_LANGUAGE_STANDARD = gnu99;
				GCC_DYNAMIC_NO_PIC = NO;
				GCC_NO_COMMON_BLOCKS = YES;
				GCC_OPTIMIZATION_LEVEL = 0;
				GCC_PREPROCESSOR_DEFINITIONS = (
					"DEBUG=1",
					"$(inherited)",
				);
				GCC_WARN_64_TO_32_BIT_CONVERSION = YES;
				GCC_WARN_ABOUT_RETURN_TYPE = YES_ERROR;
				GCC_WARN_UNDECLARED_SELECTOR = YES;
				GCC_WARN_UNINITIALIZED_AUTOS = YES_AGGRESSIVE;
				GCC_WARN_UNUSED_FUNCTION = YES;
				GCC_WARN_UNUSED_VARIABLE = YES;
				IPHONEOS_DEPLOYMENT_TARGET = 9.3;
				MTL_ENABLE_DEBUG_INFO = YES;
				ONLY_ACTIVE_ARCH = YES;
				SDKROOT = iphoneos;
				SWIFT_OPTIMIZATION_LEVEL = "-Onone";
			};
			name = Debug;
		};
		5D8B3B181D182EC5000314D4 /* Release */ = {
			isa = XCBuildConfiguration;
			buildSettings = {
				ALWAYS_SEARCH_USER_PATHS = NO;
				CLANG_ANALYZER_NONNULL = YES;
				CLANG_CXX_LANGUAGE_STANDARD = "gnu++0x";
				CLANG_CXX_LIBRARY = "libc++";
				CLANG_ENABLE_MODULES = YES;
				CLANG_ENABLE_OBJC_ARC = YES;
				CLANG_WARN_BOOL_CONVERSION = YES;
				CLANG_WARN_CONSTANT_CONVERSION = YES;
				CLANG_WARN_DIRECT_OBJC_ISA_USAGE = YES_ERROR;
				CLANG_WARN_EMPTY_BODY = YES;
				CLANG_WARN_ENUM_CONVERSION = YES;
				CLANG_WARN_INT_CONVERSION = YES;
				CLANG_WARN_OBJC_ROOT_CLASS = YES_ERROR;
				CLANG_WARN_UNREACHABLE_CODE = YES;
				CLANG_WARN__DUPLICATE_METHOD_MATCH = YES;
				"CODE_SIGN_IDENTITY[sdk=iphoneos*]" = "iPhone Developer";
				COPY_PHASE_STRIP = NO;
				DEBUG_INFORMATION_FORMAT = "dwarf-with-dsym";
				ENABLE_NS_ASSERTIONS = NO;
				ENABLE_STRICT_OBJC_MSGSEND = YES;
				GCC_C_LANGUAGE_STANDARD = gnu99;
				GCC_NO_COMMON_BLOCKS = YES;
				GCC_WARN_64_TO_32_BIT_CONVERSION = YES;
				GCC_WARN_ABOUT_RETURN_TYPE = YES_ERROR;
				GCC_WARN_UNDECLARED_SELECTOR = YES;
				GCC_WARN_UNINITIALIZED_AUTOS = YES_AGGRESSIVE;
				GCC_WARN_UNUSED_FUNCTION = YES;
				GCC_WARN_UNUSED_VARIABLE = YES;
				IPHONEOS_DEPLOYMENT_TARGET = 9.3;
				MTL_ENABLE_DEBUG_INFO = NO;
				SDKROOT = iphoneos;
				VALIDATE_PRODUCT = YES;
			};
			name = Release;
		};
		5D8B3B1A1D182EC5000314D4 /* Debug */ = {
			isa = XCBuildConfiguration;
			buildSettings = {
				ASSETCATALOG_COMPILER_APPICON_NAME = AppIcon;
				CODE_SIGN_IDENTITY = "iPhone Developer";
				INFOPLIST_FILE = GuessPrice/Info.plist;
				LD_RUNPATH_SEARCH_PATHS = "$(inherited) @executable_path/Frameworks";
				PRODUCT_BUNDLE_IDENTIFIER = com.yusheng.GuessPrice;
				PRODUCT_NAME = "$(TARGET_NAME)";
				TARGETED_DEVICE_FAMILY = "1,2";
			};
			name = Debug;
		};
		5D8B3B1B1D182EC5000314D4 /* Release */ = {
			isa = XCBuildConfiguration;
			buildSettings = {
				ASSETCATALOG_COMPILER_APPICON_NAME = AppIcon;
				CODE_SIGN_IDENTITY = "iPhone Developer";
				INFOPLIST_FILE = GuessPrice/Info.plist;
				LD_RUNPATH_SEARCH_PATHS = "$(inherited) @executable_path/Frameworks";
				PRODUCT_BUNDLE_IDENTIFIER = com.yusheng.GuessPrice;
				PRODUCT_NAME = "$(TARGET_NAME)";
				TARGETED_DEVICE_FAMILY = "1,2";
			};
			name = Release;
		};
		5D8B3B1D1D182EC5000314D4 /* Debug */ = {
			isa = XCBuildConfiguration;
			buildSettings = {
				BUNDLE_LOADER = "$(TEST_HOST)";
				INFOPLIST_FILE = GuessPriceTests/Info.plist;
				LD_RUNPATH_SEARCH_PATHS = "$(inherited) @executable_path/Frameworks @loader_path/Frameworks";
				PRODUCT_BUNDLE_IDENTIFIER = com.yusheng.GuessPriceTests;
				PRODUCT_NAME = "$(TARGET_NAME)";
				TEST_HOST = "$(BUILT_PRODUCTS_DIR)/GuessPrice.app/GuessPrice";
			};
			name = Debug;
		};
		5D8B3B1E1D182EC5000314D4 /* Release */ = {
			isa = XCBuildConfiguration;
			buildSettings = {
				BUNDLE_LOADER = "$(TEST_HOST)";
				INFOPLIST_FILE = GuessPriceTests/Info.plist;
				LD_RUNPATH_SEARCH_PATHS = "$(inherited) @executable_path/Frameworks @loader_path/Frameworks";
				PRODUCT_BUNDLE_IDENTIFIER = com.yusheng.GuessPriceTests;
				PRODUCT_NAME = "$(TARGET_NAME)";
				TEST_HOST = "$(BUILT_PRODUCTS_DIR)/GuessPrice.app/GuessPrice";
			};
			name = Release;
		};
/* End XCBuildConfiguration section */

/* Begin XCConfigurationList section */
		5D8B3AF71D182EC5000314D4 /* Build configuration list for PBXProject "GuessPrice" */ = {
			isa = XCConfigurationList;
			buildConfigurations = (
				5D8B3B171D182EC5000314D4 /* Debug */,
				5D8B3B181D182EC5000314D4 /* Release */,
			);
			defaultConfigurationIsVisible = 0;
			defaultConfigurationName = Release;
		};
		5D8B3B191D182EC5000314D4 /* Build configuration list for PBXNativeTarget "GuessPrice" */ = {
			isa = XCConfigurationList;
			buildConfigurations = (
				5D8B3B1A1D182EC5000314D4 /* Debug */,
				5D8B3B1B1D182EC5000314D4 /* Release */,
			);
			defaultConfigurationIsVisible = 0;
			defaultConfigurationName = Release;
		};
		5D8B3B1C1D182EC5000314D4 /* Build configuration list for PBXNativeTarget "GuessPriceTests" */ = {
			isa = XCConfigurationList;
			buildConfigurations = (
				5D8B3B1D1D182EC5000314D4 /* Debug */,
				5D8B3B1E1D182EC5000314D4 /* Release */,
			);
			defaultConfigurationIsVisible = 0;
			defaultConfigurationName = Release;
		};
/* End XCConfigurationList section */
	};
	rootObject = 5D8B3AF41D182EC5000314D4 /* Project object */;
}
